
Microsoft Visual Studio Solution File, Format Version 12.00
# Visual Studio 15
VisualStudioVersion = 15.0.27428.2037
MinimumVisualStudioVersion = 10.0.40219.1
Project("{FAE04EC0-301F-11D3-BF4B-00C04F79EFBC}") = "Serwis", "Serwis\Serwis.csproj", "{D0E18480-3D71-49F1-A2C9-4286A1E67E34}"
EndProject
Global
	GlobalSection(SolutionConfigurationPlatforms) = preSolution
		Debug|Any CPU = Debug|Any CPU
		Release|Any CPU = Release|Any CPU
	EndGlobalSection
	GlobalSection(ProjectConfigurationPlatforms) = postSolution
		{D0E18480-3D71-49F1-A2C9-4286A1E67E34}.Debug|Any CPU.ActiveCfg = Debug|Any CPU
		{D0E18480-3D71-49F1-A2C9-4286A1E67E34}.Debug|Any CPU.Build.0 = Debug|Any CPU
		{D0E18480-3D71-49F1-A2C9-4286A1E67E34}.Release|Any CPU.ActiveCfg = Release|Any CPU
		{D0E18480-3D71-49F1-A2C9-4286A1E67E34}.Release|Any CPU.Build.0 = Release|Any CPU
	EndGlobalSection
	GlobalSection(SolutionProperties) = preSolution
		HideSolutionNode = FALSE
	EndGlobalSection
	GlobalSection(ExtensibilityGlobals) = postSolution
		SolutionGuid = {B9D59314-2A39-40B9-AE09-F5E6F9BC988E}
	EndGlobalSection
EndGlobal
